
Microsoft Visual Studio Solution File, Format Version 12.00
# Visual Studio Version 16
VisualStudioVersion = 16.0.31702.278
MinimumVisualStudioVersion = 10.0.40219.1
Project("{FAE04EC0-301F-11D3-BF4B-00C04F79EFBC}") = "TrickingLibrary.Api", "TrickingLibrary.Api\TrickingLibrary.Api.csproj", "{C5B8AEFD-E6AF-469B-9D15-EBD2075FAC63}"
EndProject
Global
	GlobalSection(SolutionConfigurationPlatforms) = preSolution
		Debug|Any CPU = Debug|Any CPU
		Release|Any CPU = Release|Any CPU
	EndGlobalSection
	GlobalSection(ProjectConfigurationPlatforms) = postSolution
		{C5B8AEFD-E6AF-469B-9D15-EBD2075FAC63}.Debug|Any CPU.ActiveCfg = Debug|Any CPU
		{C5B8AEFD-E6AF-469B-9D15-EBD2075FAC63}.Debug|Any CPU.Build.0 = Debug|Any CPU
		{C5B8AEFD-E6AF-469B-9D15-EBD2075FAC63}.Release|Any CPU.ActiveCfg = Release|Any CPU
		{C5B8AEFD-E6AF-469B-9D15-EBD2075FAC63}.Release|Any CPU.Build.0 = Release|Any CPU
	EndGlobalSection
	GlobalSection(SolutionProperties) = preSolution
		HideSolutionNode = FALSE
	EndGlobalSection
	GlobalSection(ExtensibilityGlobals) = postSolution
		SolutionGuid = {1A97F20B-D840-49D7-8473-E1B4602C4299}
	EndGlobalSection
EndGlobal
